// !$*UTF8*$!
{
	archiveVersion = 1;
	classes = {
	};
	objectVersion = 46;
	objects = {

/* Begin PBXBuildFile section */
		E28D0BCE1695B75A00134AFB /* UIKit.framework in Frameworks */ = {isa = PBXBuildFile; fileRef = E28D0BCD1695B75A00134AFB /* UIKit.framework */; };
		E28D0BD01695B75A00134AFB /* Foundation.framework in Frameworks */ = {isa = PBXBuildFile; fileRef = E28D0BCF1695B75A00134AFB /* Foundation.framework */; };
		E28D0BD21695B75A00134AFB /* CoreGraphics.framework in Frameworks */ = {isa = PBXBuildFile; fileRef = E28D0BD11695B75A00134AFB /* CoreGraphics.framework */; };
		E28D0BD81695B75A00134AFB /* InfoPlist.strings in Resources */ = {isa = PBXBuildFile; fileRef = E28D0BD61695B75A00134AFB /* InfoPlist.strings */; };
		E28D0BDA1695B75A00134AFB /* main.m in Sources */ = {isa = PBXBuildFile; fileRef = E28D0BD91695B75A00134AFB /* main.m */; };
		E28D0BDE1695B75A00134AFB /* AppDelegate.m in Sources */ = {isa = PBXBuildFile; fileRef = E28D0BDD1695B75A00134AFB /* AppDelegate.m */; };
		E28D0BE01695B75A00134AFB /* Default.png in Resources */ = {isa = PBXBuildFile; fileRef = E28D0BDF1695B75A00134AFB /* Default.png */; };
		E28D0BE21695B75A00134AFB /* Default@2x.png in Resources */ = {isa = PBXBuildFile; fileRef = E28D0BE11695B75A00134AFB /* Default@2x.png */; };
		E28D0BE41695B75A00134AFB /* Default-568h@2x.png in Resources */ = {isa = PBXBuildFile; fileRef = E28D0BE31695B75A00134AFB /* Default-568h@2x.png */; };
		E28D0BE71695B75A00134AFB /* MainStoryboard.storyboard in Resources */ = {isa = PBXBuildFile; fileRef = E28D0BE51695B75A00134AFB /* MainStoryboard.storyboard */; };
		E28D0BEC1695B75A00134AFB /* first.png in Resources */ = {isa = PBXBuildFile; fileRef = E28D0BEB1695B75A00134AFB /* first.png */; };
		E28D0BEE1695B75A00134AFB /* first@2x.png in Resources */ = {isa = PBXBuildFile; fileRef = E28D0BED1695B75A00134AFB /* first@2x.png */; };
		E28D0BF11695B75A00134AFB /* SecondViewController.m in Sources */ = {isa = PBXBuildFile; fileRef = E28D0BF01695B75A00134AFB /* SecondViewController.m */; };
		E28D0BF31695B75A00134AFB /* second.png in Resources */ = {isa = PBXBuildFile; fileRef = E28D0BF21695B75A00134AFB /* second.png */; };
		E28D0BF51695B75A00134AFB /* second@2x.png in Resources */ = {isa = PBXBuildFile; fileRef = E28D0BF41695B75A00134AFB /* second@2x.png */; };
		E28D0C191695B7D700134AFB /* libzbar.a in Frameworks */ = {isa = PBXBuildFile; fileRef = E28D0C131695B7D700134AFB /* libzbar.a */; };
		E28D0C1A1695B7D700134AFB /* zbar-back.png in Resources */ = {isa = PBXBuildFile; fileRef = E28D0C151695B7D700134AFB /* zbar-back.png */; };
		E28D0C1B1695B7D700134AFB /* zbar-help.html in Resources */ = {isa = PBXBuildFile; fileRef = E28D0C161695B7D700134AFB /* zbar-help.html */; };
		E28D0C1C1695B7D700134AFB /* zbar-helpicons.png in Resources */ = {isa = PBXBuildFile; fileRef = E28D0C171695B7D700134AFB /* zbar-helpicons.png */; };
		E28D0C1D1695B7D700134AFB /* zbar-samples.png in Resources */ = {isa = PBXBuildFile; fileRef = E28D0C181695B7D700134AFB /* zbar-samples.png */; };
		E28D0C1F1695B81100134AFB /* AVFoundation.framework in Frameworks */ = {isa = PBXBuildFile; fileRef = E28D0C1E1695B81100134AFB /* AVFoundation.framework */; };
		E28D0C211695B81A00134AFB /* CoreMedia.framework in Frameworks */ = {isa = PBXBuildFile; fileRef = E28D0C201695B81A00134AFB /* CoreMedia.framework */; };
		E28D0C231695B82300134AFB /* CoreVideo.framework in Frameworks */ = {isa = PBXBuildFile; fileRef = E28D0C221695B82300134AFB /* CoreVideo.framework */; };
		E28D0C251695B82C00134AFB /* QuartzCore.framework in Frameworks */ = {isa = PBXBuildFile; fileRef = E28D0C241695B82C00134AFB /* QuartzCore.framework */; };
		E28D0C271695B83900134AFB /* libiconv.dylib in Frameworks */ = {isa = PBXBuildFile; fileRef = E28D0C261695B83900134AFB /* libiconv.dylib */; };
		E2C45B591695C92C0081E5FE /* FirstViewController.m in Sources */ = {isa = PBXBuildFile; fileRef = E28D0BE91695B75A00134AFB /* FirstViewController.m */; };
		E2C45B5D1695E3230081E5FE /* accumilator.jpg in Resources */ = {isa = PBXBuildFile; fileRef = E2C45B5C1695E3230081E5FE /* accumilator.jpg */; };
		E2C45B631695ECDD0081E5FE /* ThirdViewController.m in Sources */ = {isa = PBXBuildFile; fileRef = E2C45B621695ECDD0081E5FE /* ThirdViewController.m */; };
/* End PBXBuildFile section */

/* Begin PBXFileReference section */
		E28D0BC91695B75A00134AFB /* Wireframe.app */ = {isa = PBXFileReference; explicitFileType = wrapper.application; includeInIndex = 0; path = Wireframe.app; sourceTree = BUILT_PRODUCTS_DIR; };
		E28D0BCD1695B75A00134AFB /* UIKit.framework */ = {isa = PBXFileReference; lastKnownFileType = wrapper.framework; name = UIKit.framework; path = System/Library/Frameworks/UIKit.framework; sourceTree = SDKROOT; };
		E28D0BCF1695B75A00134AFB /* Foundation.framework */ = {isa = PBXFileReference; lastKnownFileType = wrapper.framework; name = Foundation.framework; path = System/Library/Frameworks/Foundation.framework; sourceTree = SDKROOT; };
		E28D0BD11695B75A00134AFB /* CoreGraphics.framework */ = {isa = PBXFileReference; lastKnownFileType = wrapper.framework; name = CoreGraphics.framework; path = System/Library/Frameworks/CoreGraphics.framework; sourceTree = SDKROOT; };
		E28D0BD51695B75A00134AFB /* Wireframe-Info.plist */ = {isa = PBXFileReference; lastKnownFileType = text.plist.xml; path = "Wireframe-Info.plist"; sourceTree = "<group>"; };
		E28D0BD71695B75A00134AFB /* en */ = {isa = PBXFileReference; lastKnownFileType = text.plist.strings; name = en; path = en.lproj/InfoPlist.strings; sourceTree = "<group>"; };
		E28D0BD91695B75A00134AFB /* main.m */ = {isa = PBXFileReference; lastKnownFileType = sourcecode.c.objc; path = main.m; sourceTree = "<group>"; };
		E28D0BDB1695B75A00134AFB /* Wireframe-Prefix.pch */ = {isa = PBXFileReference; lastKnownFileType = sourcecode.c.h; path = "Wireframe-Prefix.pch"; sourceTree = "<group>"; };
		E28D0BDC1695B75A00134AFB /* AppDelegate.h */ = {isa = PBXFileReference; lastKnownFileType = sourcecode.c.h; path = AppDelegate.h; sourceTree = "<group>"; };
		E28D0BDD1695B75A00134AFB /* AppDelegate.m */ = {isa = PBXFileReference; lastKnownFileType = sourcecode.c.objc; path = AppDelegate.m; sourceTree = "<group>"; };
		E28D0BDF1695B75A00134AFB /* Default.png */ = {isa = PBXFileReference; lastKnownFileType = image.png; path = Default.png; sourceTree = "<group>"; };
		E28D0BE11695B75A00134AFB /* Default@2x.png */ = {isa = PBXFileReference; lastKnownFileType = image.png; path = "Default@2x.png"; sourceTree = "<group>"; };
		E28D0BE31695B75A00134AFB /* Default-568h@2x.png */ = {isa = PBXFileReference; lastKnownFileType = image.png; path = "Default-568h@2x.png"; sourceTree = "<group>"; };
		E28D0BE61695B75A00134AFB /* en */ = {isa = PBXFileReference; lastKnownFileType = file.storyboard; name = en; path = en.lproj/MainStoryboard.storyboard; sourceTree = "<group>"; };
		E28D0BE81695B75A00134AFB /* FirstViewController.h */ = {isa = PBXFileReference; lastKnownFileType = sourcecode.c.h; path = FirstViewController.h; sourceTree = "<group>"; };
		E28D0BE91695B75A00134AFB /* FirstViewController.m */ = {isa = PBXFileReference; lastKnownFileType = sourcecode.c.objc; path = FirstViewController.m; sourceTree = "<group>"; };
		E28D0BEB1695B75A00134AFB /* first.png */ = {isa = PBXFileReference; lastKnownFileType = image.png; path = first.png; sourceTree = "<group>"; };
		E28D0BED1695B75A00134AFB /* first@2x.png */ = {isa = PBXFileReference; lastKnownFileType = image.png; path = "first@2x.png"; sourceTree = "<group>"; };
		E28D0BEF1695B75A00134AFB /* SecondViewController.h */ = {isa = PBXFileReference; lastKnownFileType = sourcecode.c.h; path = SecondViewController.h; sourceTree = "<group>"; };
		E28D0BF01695B75A00134AFB /* SecondViewController.m */ = {isa = PBXFileReference; lastKnownFileType = sourcecode.c.objc; path = SecondViewController.m; sourceTree = "<group>"; };
		E28D0BF21695B75A00134AFB /* second.png */ = {isa = PBXFileReference; lastKnownFileType = image.png; path = second.png; sourceTree = "<group>"; };
		E28D0BF41695B75A00134AFB /* second@2x.png */ = {isa = PBXFileReference; lastKnownFileType = image.png; path = "second@2x.png"; sourceTree = "<group>"; };
		E28D0BFF1695B7D700134AFB /* Decoder.h */ = {isa = PBXFileReference; fileEncoding = 4; lastKnownFileType = sourcecode.c.h; path = Decoder.h; sourceTree = "<group>"; };
		E28D0C001695B7D700134AFB /* Exception.h */ = {isa = PBXFileReference; fileEncoding = 4; lastKnownFileType = sourcecode.c.h; path = Exception.h; sourceTree = "<group>"; };
		E28D0C011695B7D700134AFB /* Image.h */ = {isa = PBXFileReference; fileEncoding = 4; lastKnownFileType = sourcecode.c.h; path = Image.h; sourceTree = "<group>"; };
		E28D0C021695B7D700134AFB /* ImageScanner.h */ = {isa = PBXFileReference; fileEncoding = 4; lastKnownFileType = sourcecode.c.h; path = ImageScanner.h; sourceTree = "<group>"; };
		E28D0C031695B7D700134AFB /* Processor.h */ = {isa = PBXFileReference; fileEncoding = 4; lastKnownFileType = sourcecode.c.h; path = Processor.h; sourceTree = "<group>"; };
		E28D0C041695B7D700134AFB /* Scanner.h */ = {isa = PBXFileReference; fileEncoding = 4; lastKnownFileType = sourcecode.c.h; path = Scanner.h; sourceTree = "<group>"; };
		E28D0C051695B7D700134AFB /* Symbol.h */ = {isa = PBXFileReference; fileEncoding = 4; lastKnownFileType = sourcecode.c.h; path = Symbol.h; sourceTree = "<group>"; };
		E28D0C061695B7D700134AFB /* Video.h */ = {isa = PBXFileReference; fileEncoding = 4; lastKnownFileType = sourcecode.c.h; path = Video.h; sourceTree = "<group>"; };
		E28D0C071695B7D700134AFB /* Window.h */ = {isa = PBXFileReference; fileEncoding = 4; lastKnownFileType = sourcecode.c.h; path = Window.h; sourceTree = "<group>"; };
		E28D0C081695B7D700134AFB /* zbar.h */ = {isa = PBXFileReference; fileEncoding = 4; lastKnownFileType = sourcecode.c.h; path = zbar.h; sourceTree = "<group>"; };
		E28D0C091695B7D700134AFB /* ZBarCameraSimulator.h */ = {isa = PBXFileReference; fileEncoding = 4; lastKnownFileType = sourcecode.c.h; path = ZBarCameraSimulator.h; sourceTree = "<group>"; };
		E28D0C0A1695B7D700134AFB /* ZBarCaptureReader.h */ = {isa = PBXFileReference; fileEncoding = 4; lastKnownFileType = sourcecode.c.h; path = ZBarCaptureReader.h; sourceTree = "<group>"; };
		E28D0C0B1695B7D700134AFB /* ZBarHelpController.h */ = {isa = PBXFileReference; fileEncoding = 4; lastKnownFileType = sourcecode.c.h; path = ZBarHelpController.h; sourceTree = "<group>"; };
		E28D0C0C1695B7D700134AFB /* ZBarImage.h */ = {isa = PBXFileReference; fileEncoding = 4; lastKnownFileType = sourcecode.c.h; path = ZBarImage.h; sourceTree = "<group>"; };
		E28D0C0D1695B7D700134AFB /* ZBarImageScanner.h */ = {isa = PBXFileReference; fileEncoding = 4; lastKnownFileType = sourcecode.c.h; path = ZBarImageScanner.h; sourceTree = "<group>"; };
		E28D0C0E1695B7D700134AFB /* ZBarReaderController.h */ = {isa = PBXFileReference; fileEncoding = 4; lastKnownFileType = sourcecode.c.h; path = ZBarReaderController.h; sourceTree = "<group>"; };
		E28D0C0F1695B7D700134AFB /* ZBarReaderView.h */ = {isa = PBXFileReference; fileEncoding = 4; lastKnownFileType = sourcecode.c.h; path = ZBarReaderView.h; sourceTree = "<group>"; };
		E28D0C101695B7D700134AFB /* ZBarReaderViewController.h */ = {isa = PBXFileReference; fileEncoding = 4; lastKnownFileType = sourcecode.c.h; path = ZBarReaderViewController.h; sourceTree = "<group>"; };
		E28D0C111695B7D700134AFB /* ZBarSDK.h */ = {isa = PBXFileReference; fileEncoding = 4; lastKnownFileType = sourcecode.c.h; path = ZBarSDK.h; sourceTree = "<group>"; };
		E28D0C121695B7D700134AFB /* ZBarSymbol.h */ = {isa = PBXFileReference; fileEncoding = 4; lastKnownFileType = sourcecode.c.h; path = ZBarSymbol.h; sourceTree = "<group>"; };
		E28D0C131695B7D700134AFB /* libzbar.a */ = {isa = PBXFileReference; lastKnownFileType = archive.ar; path = libzbar.a; sourceTree = "<group>"; };
		E28D0C151695B7D700134AFB /* zbar-back.png */ = {isa = PBXFileReference; lastKnownFileType = image.png; path = "zbar-back.png"; sourceTree = "<group>"; };
		E28D0C161695B7D700134AFB /* zbar-help.html */ = {isa = PBXFileReference; fileEncoding = 4; lastKnownFileType = text.html; path = "zbar-help.html"; sourceTree = "<group>"; };
		E28D0C171695B7D700134AFB /* zbar-helpicons.png */ = {isa = PBXFileReference; lastKnownFileType = image.png; path = "zbar-helpicons.png"; sourceTree = "<group>"; };
		E28D0C181695B7D700134AFB /* zbar-samples.png */ = {isa = PBXFileReference; lastKnownFileType = image.png; path = "zbar-samples.png"; sourceTree = "<group>"; };
		E28D0C1E1695B81100134AFB /* AVFoundation.framework */ = {isa = PBXFileReference; lastKnownFileType = wrapper.framework; name = AVFoundation.framework; path = System/Library/Frameworks/AVFoundation.framework; sourceTree = SDKROOT; };
		E28D0C201695B81A00134AFB /* CoreMedia.framework */ = {isa = PBXFileReference; lastKnownFileType = wrapper.framework; name = CoreMedia.framework; path = System/Library/Frameworks/CoreMedia.framework; sourceTree = SDKROOT; };
		E28D0C221695B82300134AFB /* CoreVideo.framework */ = {isa = PBXFileReference; lastKnownFileType = wrapper.framework; name = CoreVideo.framework; path = System/Library/Frameworks/CoreVideo.framework; sourceTree = SDKROOT; };
		E28D0C241695B82C00134AFB /* QuartzCore.framework */ = {isa = PBXFileReference; lastKnownFileType = wrapper.framework; name = QuartzCore.framework; path = System/Library/Frameworks/QuartzCore.framework; sourceTree = SDKROOT; };
		E28D0C261695B83900134AFB /* libiconv.dylib */ = {isa = PBXFileReference; lastKnownFileType = "compiled.mach-o.dylib"; name = libiconv.dylib; path = usr/lib/libiconv.dylib; sourceTree = SDKROOT; };
		E2C45B5C1695E3230081E5FE /* accumilator.jpg */ = {isa = PBXFileReference; lastKnownFileType = image.jpeg; path = accumilator.jpg; sourceTree = "<group>"; };
		E2C45B611695ECDD0081E5FE /* ThirdViewController.h */ = {isa = PBXFileReference; fileEncoding = 4; lastKnownFileType = sourcecode.c.h; name = ThirdViewController.h; path = ../ThirdViewController.h; sourceTree = "<group>"; };
		E2C45B621695ECDD0081E5FE /* ThirdViewController.m */ = {isa = PBXFileReference; fileEncoding = 4; lastKnownFileType = sourcecode.c.objc; name = ThirdViewController.m; path = ../ThirdViewController.m; sourceTree = "<group>"; };
/* End PBXFileReference section */

/* Begin PBXFrameworksBuildPhase section */
		E28D0BC61695B75A00134AFB /* Frameworks */ = {
			isa = PBXFrameworksBuildPhase;
			buildActionMask = 2147483647;
			files = (
				E28D0C271695B83900134AFB /* libiconv.dylib in Frameworks */,
				E28D0C251695B82C00134AFB /* QuartzCore.framework in Frameworks */,
				E28D0C231695B82300134AFB /* CoreVideo.framework in Frameworks */,
				E28D0C211695B81A00134AFB /* CoreMedia.framework in Frameworks */,
				E28D0C1F1695B81100134AFB /* AVFoundation.framework in Frameworks */,
				E28D0BCE1695B75A00134AFB /* UIKit.framework in Frameworks */,
				E28D0BD01695B75A00134AFB /* Foundation.framework in Frameworks */,
				E28D0BD21695B75A00134AFB /* CoreGraphics.framework in Frameworks */,
				E28D0C191695B7D700134AFB /* libzbar.a in Frameworks */,
			);
			runOnlyForDeploymentPostprocessing = 0;
		};
/* End PBXFrameworksBuildPhase section */

/* Begin PBXGroup section */
		E28D0BBE1695B75A00134AFB = {
			isa = PBXGroup;
			children = (
				E28D0BD31695B75A00134AFB /* Wireframe */,
				E28D0BCC1695B75A00134AFB /* Frameworks */,
				E28D0BFB1695B7D700134AFB /* ZBarSDK */,
				E28D0BCA1695B75A00134AFB /* Products */,
			);
			sourceTree = "<group>";
		};
		E28D0BCA1695B75A00134AFB /* Products */ = {
			isa = PBXGroup;
			children = (
				E28D0BC91695B75A00134AFB /* Wireframe.app */,
			);
			name = Products;
			sourceTree = "<group>";
		};
		E28D0BCC1695B75A00134AFB /* Frameworks */ = {
			isa = PBXGroup;
			children = (
				E28D0C261695B83900134AFB /* libiconv.dylib */,
				E28D0C241695B82C00134AFB /* QuartzCore.framework */,
				E28D0C221695B82300134AFB /* CoreVideo.framework */,
				E28D0C201695B81A00134AFB /* CoreMedia.framework */,
				E28D0C1E1695B81100134AFB /* AVFoundation.framework */,
				E28D0BCD1695B75A00134AFB /* UIKit.framework */,
				E28D0BCF1695B75A00134AFB /* Foundation.framework */,
				E28D0BD11695B75A00134AFB /* CoreGraphics.framework */,
			);
			name = Frameworks;
			sourceTree = "<group>";
		};
		E28D0BD31695B75A00134AFB /* Wireframe */ = {
			isa = PBXGroup;
			children = (
				E28D0BDC1695B75A00134AFB /* AppDelegate.h */,
				E28D0BDD1695B75A00134AFB /* AppDelegate.m */,
				E28D0BE51695B75A00134AFB /* MainStoryboard.storyboard */,
				E28D0BE81695B75A00134AFB /* FirstViewController.h */,
				E28D0BEF1695B75A00134AFB /* SecondViewController.h */,
				E28D0BF01695B75A00134AFB /* SecondViewController.m */,
				E2C45B611695ECDD0081E5FE /* ThirdViewController.h */,
				E2C45B621695ECDD0081E5FE /* ThirdViewController.m */,
				E28D0BE91695B75A00134AFB /* FirstViewController.m */,
				E28D0BEB1695B75A00134AFB /* first.png */,
				E28D0BED1695B75A00134AFB /* first@2x.png */,
				E28D0BF21695B75A00134AFB /* second.png */,
				E28D0BF41695B75A00134AFB /* second@2x.png */,
				E28D0BD41695B75A00134AFB /* Supporting Files */,
			);
			path = Wireframe;
			sourceTree = "<group>";
		};
		E28D0BD41695B75A00134AFB /* Supporting Files */ = {
			isa = PBXGroup;
			children = (
				E2C45B5C1695E3230081E5FE /* accumilator.jpg */,
				E28D0BD51695B75A00134AFB /* Wireframe-Info.plist */,
				E28D0BD61695B75A00134AFB /* InfoPlist.strings */,
				E28D0BD91695B75A00134AFB /* main.m */,
				E28D0BDB1695B75A00134AFB /* Wireframe-Prefix.pch */,
				E28D0BDF1695B75A00134AFB /* Default.png */,
				E28D0BE11695B75A00134AFB /* Default@2x.png */,
				E28D0BE31695B75A00134AFB /* Default-568h@2x.png */,
			);
			name = "Supporting Files";
			sourceTree = "<group>";
		};
		E28D0BFB1695B7D700134AFB /* ZBarSDK */ = {
			isa = PBXGroup;
			children = (
				E28D0BFC1695B7D700134AFB /* Headers */,
				E28D0C131695B7D700134AFB /* libzbar.a */,
				E28D0C141695B7D700134AFB /* Resources */,
			);
			path = ZBarSDK;
			sourceTree = "<group>";
		};
		E28D0BFC1695B7D700134AFB /* Headers */ = {
			isa = PBXGroup;
			children = (
				E28D0BFD1695B7D700134AFB /* ZBarSDK */,
			);
			path = Headers;
			sourceTree = "<group>";
		};
		E28D0BFD1695B7D700134AFB /* ZBarSDK */ = {
			isa = PBXGroup;
			children = (
				E28D0BFE1695B7D700134AFB /* zbar */,
				E28D0C081695B7D700134AFB /* zbar.h */,
				E28D0C091695B7D700134AFB /* ZBarCameraSimulator.h */,
				E28D0C0A1695B7D700134AFB /* ZBarCaptureReader.h */,
				E28D0C0B1695B7D700134AFB /* ZBarHelpController.h */,
				E28D0C0C1695B7D700134AFB /* ZBarImage.h */,
				E28D0C0D1695B7D700134AFB /* ZBarImageScanner.h */,
				E28D0C0E1695B7D700134AFB /* ZBarReaderController.h */,
				E28D0C0F1695B7D700134AFB /* ZBarReaderView.h */,
				E28D0C101695B7D700134AFB /* ZBarReaderViewController.h */,
				E28D0C111695B7D700134AFB /* ZBarSDK.h */,
				E28D0C121695B7D700134AFB /* ZBarSymbol.h */,
			);
			path = ZBarSDK;
			sourceTree = "<group>";
		};
		E28D0BFE1695B7D700134AFB /* zbar */ = {
			isa = PBXGroup;
			children = (
				E28D0BFF1695B7D700134AFB /* Decoder.h */,
				E28D0C001695B7D700134AFB /* Exception.h */,
				E28D0C011695B7D700134AFB /* Image.h */,
				E28D0C021695B7D700134AFB /* ImageScanner.h */,
				E28D0C031695B7D700134AFB /* Processor.h */,
				E28D0C041695B7D700134AFB /* Scanner.h */,
				E28D0C051695B7D700134AFB /* Symbol.h */,
				E28D0C061695B7D700134AFB /* Video.h */,
				E28D0C071695B7D700134AFB /* Window.h */,
			);
			path = zbar;
			sourceTree = "<group>";
		};
		E28D0C141695B7D700134AFB /* Resources */ = {
			isa = PBXGroup;
			children = (
				E28D0C151695B7D700134AFB /* zbar-back.png */,
				E28D0C161695B7D700134AFB /* zbar-help.html */,
				E28D0C171695B7D700134AFB /* zbar-helpicons.png */,
				E28D0C181695B7D700134AFB /* zbar-samples.png */,
			);
			path = Resources;
			sourceTree = "<group>";
		};
/* End PBXGroup section */

/* Begin PBXNativeTarget section */
		E28D0BC81695B75A00134AFB /* Wireframe */ = {
			isa = PBXNativeTarget;
			buildConfigurationList = E28D0BF81695B75A00134AFB /* Build configuration list for PBXNativeTarget "Wireframe" */;
			buildPhases = (
				E28D0BC51695B75A00134AFB /* Sources */,
				E28D0BC61695B75A00134AFB /* Frameworks */,
				E28D0BC71695B75A00134AFB /* Resources */,
			);
			buildRules = (
			);
			dependencies = (
			);
			name = Wireframe;
			productName = Wireframe;
			productReference = E28D0BC91695B75A00134AFB /* Wireframe.app */;
			productType = "com.apple.product-type.application";
		};
/* End PBXNativeTarget section */

/* Begin PBXProject section */
		E28D0BC01695B75A00134AFB /* Project object */ = {
			isa = PBXProject;
			attributes = {
				LastUpgradeCheck = 0450;
				ORGANIZATIONNAME = "cocoa-ocelot";
			};
			buildConfigurationList = E28D0BC31695B75A00134AFB /* Build configuration list for PBXProject "Wireframe" */;
			compatibilityVersion = "Xcode 3.2";
			developmentRegion = English;
			hasScannedForEncodings = 0;
			knownRegions = (
				en,
			);
			mainGroup = E28D0BBE1695B75A00134AFB;
			productRefGroup = E28D0BCA1695B75A00134AFB /* Products */;
			projectDirPath = "";
			projectRoot = "";
			targets = (
				E28D0BC81695B75A00134AFB /* Wireframe */,
			);
		};
/* End PBXProject section */

/* Begin PBXResourcesBuildPhase section */
		E28D0BC71695B75A00134AFB /* Resources */ = {
			isa = PBXResourcesBuildPhase;
			buildActionMask = 2147483647;
			files = (
				E28D0BD81695B75A00134AFB /* InfoPlist.strings in Resources */,
				E28D0BE01695B75A00134AFB /* Default.png in Resources */,
				E28D0BE21695B75A00134AFB /* Default@2x.png in Resources */,
				E28D0BE41695B75A00134AFB /* Default-568h@2x.png in Resources */,
				E28D0BE71695B75A00134AFB /* MainStoryboard.storyboard in Resources */,
				E28D0BEC1695B75A00134AFB /* first.png in Resources */,
				E28D0BEE1695B75A00134AFB /* first@2x.png in Resources */,
				E28D0BF31695B75A00134AFB /* second.png in Resources */,
				E28D0BF51695B75A00134AFB /* second@2x.png in Resources */,
				E28D0C1A1695B7D700134AFB /* zbar-back.png in Resources */,
				E28D0C1B1695B7D700134AFB /* zbar-help.html in Resources */,
				E28D0C1C1695B7D700134AFB /* zbar-helpicons.png in Resources */,
				E28D0C1D1695B7D700134AFB /* zbar-samples.png in Resources */,
				E2C45B5D1695E3230081E5FE /* accumilator.jpg in Resources */,
			);
			runOnlyForDeploymentPostprocessing = 0;
		};
/* End PBXResourcesBuildPhase section */

/* Begin PBXSourcesBuildPhase section */
		E28D0BC51695B75A00134AFB /* Sources */ = {
			isa = PBXSourcesBuildPhase;
			buildActionMask = 2147483647;
			files = (
				E28D0BDA1695B75A00134AFB /* main.m in Sources */,
				E28D0BDE1695B75A00134AFB /* AppDelegate.m in Sources */,
				E28D0BF11695B75A00134AFB /* SecondViewController.m in Sources */,
				E2C45B591695C92C0081E5FE /* FirstViewController.m in Sources */,
				E2C45B631695ECDD0081E5FE /* ThirdViewController.m in Sources */,
			);
			runOnlyForDeploymentPostprocessing = 0;
		};
/* End PBXSourcesBuildPhase section */

/* Begin PBXVariantGroup section */
		E28D0BD61695B75A00134AFB /* InfoPlist.strings */ = {
			isa = PBXVariantGroup;
			children = (
				E28D0BD71695B75A00134AFB /* en */,
			);
			name = InfoPlist.strings;
			sourceTree = "<group>";
		};
		E28D0BE51695B75A00134AFB /* MainStoryboard.storyboard */ = {
			isa = PBXVariantGroup;
			children = (
				E28D0BE61695B75A00134AFB /* en */,
			);
			name = MainStoryboard.storyboard;
			sourceTree = "<group>";
		};
/* End PBXVariantGroup section */

/* Begin XCBuildConfiguration section */
		E28D0BF61695B75A00134AFB /* Debug */ = {
			isa = XCBuildConfiguration;
			buildSettings = {
				ALWAYS_SEARCH_USER_PATHS = NO;
				CLANG_CXX_LANGUAGE_STANDARD = "gnu++0x";
				CLANG_CXX_LIBRARY = "libc++";
				CLANG_ENABLE_OBJC_ARC = YES;
				CLANG_WARN_EMPTY_BODY = YES;
				CLANG_WARN__DUPLICATE_METHOD_MATCH = YES;
				"CODE_SIGN_IDENTITY[sdk=iphoneos*]" = "iPhone Developer";
				COPY_PHASE_STRIP = NO;
				GCC_C_LANGUAGE_STANDARD = gnu99;
				GCC_DYNAMIC_NO_PIC = NO;
				GCC_OPTIMIZATION_LEVEL = 0;
				GCC_PREPROCESSOR_DEFINITIONS = (
					"DEBUG=1",
					"$(inherited)",
				);
				GCC_SYMBOLS_PRIVATE_EXTERN = NO;
				GCC_WARN_ABOUT_RETURN_TYPE = YES;
				GCC_WARN_UNINITIALIZED_AUTOS = YES;
				GCC_WARN_UNUSED_VARIABLE = YES;
				IPHONEOS_DEPLOYMENT_TARGET = 6.0;
				ONLY_ACTIVE_ARCH = YES;
				OTHER_LDFLAGS = "-ObjC";
				"OTHER_LDFLAGS[arch=*]" = "-ObjC";
				SDKROOT = iphoneos;
			};
			name = Debug;
		};
		E28D0BF71695B75A00134AFB /* Release */ = {
			isa = XCBuildConfiguration;
			buildSettings = {
				ALWAYS_SEARCH_USER_PATHS = NO;
				CLANG_CXX_LANGUAGE_STANDARD = "gnu++0x";
				CLANG_CXX_LIBRARY = "libc++";
				CLANG_ENABLE_OBJC_ARC = YES;
				CLANG_WARN_EMPTY_BODY = YES;
				CLANG_WARN__DUPLICATE_METHOD_MATCH = YES;
				"CODE_SIGN_IDENTITY[sdk=iphoneos*]" = "iPhone Developer";
				COPY_PHASE_STRIP = YES;
				GCC_C_LANGUAGE_STANDARD = gnu99;
				GCC_WARN_ABOUT_RETURN_TYPE = YES;
				GCC_WARN_UNINITIALIZED_AUTOS = YES;
				GCC_WARN_UNUSED_VARIABLE = YES;
				IPHONEOS_DEPLOYMENT_TARGET = 6.0;
				OTHER_CFLAGS = "-DNS_BLOCK_ASSERTIONS=1";
				OTHER_LDFLAGS = "-ObjC";
				SDKROOT = iphoneos;
				VALIDATE_PRODUCT = YES;
			};
			name = Release;
		};
		E28D0BF91695B75A00134AFB /* Debug */ = {
			isa = XCBuildConfiguration;
			buildSettings = {
				GCC_PRECOMPILE_PREFIX_HEADER = YES;
				GCC_PREFIX_HEADER = "Wireframe/Wireframe-Prefix.pch";
				INFOPLIST_FILE = "Wireframe/Wireframe-Info.plist";
				LIBRARY_SEARCH_PATHS = (
					"$(inherited)",
					"\"$(SRCROOT)/ZBarSDK\"",
				);
				PRODUCT_NAME = "$(TARGET_NAME)";
				WRAPPER_EXTENSION = app;
			};
			name = Debug;
		};
		E28D0BFA1695B75A00134AFB /* Release */ = {
			isa = XCBuildConfiguration;
			buildSettings = {
				GCC_PRECOMPILE_PREFIX_HEADER = YES;
				GCC_PREFIX_HEADER = "Wireframe/Wireframe-Prefix.pch";
				INFOPLIST_FILE = "Wireframe/Wireframe-Info.plist";
				LIBRARY_SEARCH_PATHS = (
					"$(inherited)",
					"\"$(SRCROOT)/ZBarSDK\"",
				);
				PRODUCT_NAME = "$(TARGET_NAME)";
				WRAPPER_EXTENSION = app;
			};
			name = Release;
		};
/* End XCBuildConfiguration section */

/* Begin XCConfigurationList section */
		E28D0BC31695B75A00134AFB /* Build configuration list for PBXProject "Wireframe" */ = {
			isa = XCConfigurationList;
			buildConfigurations = (
				E28D0BF61695B75A00134AFB /* Debug */,
				E28D0BF71695B75A00134AFB /* Release */,
			);
			defaultConfigurationIsVisible = 0;
			defaultConfigurationName = Release;
		};
		E28D0BF81695B75A00134AFB /* Build configuration list for PBXNativeTarget "Wireframe" */ = {
			isa = XCConfigurationList;
			buildConfigurations = (
				E28D0BF91695B75A00134AFB /* Debug */,
				E28D0BFA1695B75A00134AFB /* Release */,
			);
			defaultConfigurationIsVisible = 0;
			defaultConfigurationName = Release;
		};
/* End XCConfigurationList section */
	};
	rootObject = E28D0BC01695B75A00134AFB /* Project object */;
}
